
Microsoft Visual Studio Solution File, Format Version 12.00
# Visual Studio Version 17
VisualStudioVersion = 17.0.32112.339
MinimumVisualStudioVersion = 10.0.40219.1
Project("{FAE04EC0-301F-11D3-BF4B-00C04F79EFBC}") = "appAula21_02.UWP", "appAula21_02\appAula21_02.UWP\appAula21_02.UWP.csproj", "{F5416434-B44A-4085-9B59-AD85FA0E11E8}"
EndProject
Project("{FAE04EC0-301F-11D3-BF4B-00C04F79EFBC}") = "appAula21_02.Android", "appAula21_02\appAula21_02.Android\appAula21_02.Android.csproj", "{6975C70B-2020-4373-9143-D2BB8E06E931}"
EndProject
Project("{FAE04EC0-301F-11D3-BF4B-00C04F79EFBC}") = "appAula21_02.iOS", "appAula21_02\appAula21_02.iOS\appAula21_02.iOS.csproj", "{085F8103-0C88-40A3-8624-D7CCAA575E30}"
EndProject
Project("{FAE04EC0-301F-11D3-BF4B-00C04F79EFBC}") = "appAula21_02", "appAula21_02\appAula21_02\appAula21_02.csproj", "{830EC27E-DED1-4EAF-93C8-FD5C0F72B78C}"
EndProject
Global
	GlobalSection(SolutionConfigurationPlatforms) = preSolution
		Debug|Any CPU = Debug|Any CPU
		Debug|ARM = Debug|ARM
		Debug|iPhone = Debug|iPhone
		Debug|iPhoneSimulator = Debug|iPhoneSimulator
		Debug|x64 = Debug|x64
		Debug|x86 = Debug|x86
		Release|Any CPU = Release|Any CPU
		Release|ARM = Release|ARM
		Release|iPhone = Release|iPhone
		Release|iPhoneSimulator = Release|iPhoneSimulator
		Release|x64 = Release|x64
		Release|x86 = Release|x86
	EndGlobalSection
	GlobalSection(ProjectConfigurationPlatforms) = postSolution
		{F5416434-B44A-4085-9B59-AD85FA0E11E8}.Debug|Any CPU.ActiveCfg = Debug|x64
		{F5416434-B44A-4085-9B59-AD85FA0E11E8}.Debug|Any CPU.Build.0 = Debug|x64
		{F5416434-B44A-4085-9B59-AD85FA0E11E8}.Debug|Any CPU.Deploy.0 = Debug|x64
		{F5416434-B44A-4085-9B59-AD85FA0E11E8}.Debug|ARM.ActiveCfg = Debug|ARM
		{F5416434-B44A-4085-9B59-AD85FA0E11E8}.Debug|ARM.Build.0 = Debug|ARM
		{F5416434-B44A-4085-9B59-AD85FA0E11E8}.Debug|ARM.Deploy.0 = Debug|ARM
		{F5416434-B44A-4085-9B59-AD85FA0E11E8}.Debug|iPhone.ActiveCfg = Debug|x64
		{F5416434-B44A-4085-9B59-AD85FA0E11E8}.Debug|iPhone.Build.0 = Debug|x64
		{F5416434-B44A-4085-9B59-AD85FA0E11E8}.Debug|iPhone.Deploy.0 = Debug|x64
		{F5416434-B44A-4085-9B59-AD85FA0E11E8}.Debug|iPhoneSimulator.ActiveCfg = Debug|x64
		{F5416434-B44A-4085-9B59-AD85FA0E11E8}.Debug|iPhoneSimulator.Build.0 = Debug|x64
		{F5416434-B44A-4085-9B59-AD85FA0E11E8}.Debug|iPhoneSimulator.Deploy.0 = Debug|x64
		{F5416434-B44A-4085-9B59-AD85FA0E11E8}.Debug|x64.ActiveCfg = Debug|x64
		{F5416434-B44A-4085-9B59-AD85FA0E11E8}.Debug|x64.Build.0 = Debug|x64
		{F5416434-B44A-4085-9B59-AD85FA0E11E8}.Debug|x64.Deploy.0 = Debug|x64
		{F5416434-B44A-4085-9B59-AD85FA0E11E8}.Debug|x86.ActiveCfg = Debug|x86
		{F5416434-B44A-4085-9B59-AD85FA0E11E8}.Debug|x86.Build.0 = Debug|x86
		{F5416434-B44A-4085-9B59-AD85FA0E11E8}.Debug|x86.Deploy.0 = Debug|x86
		{F5416434-B44A-4085-9B59-AD85FA0E11E8}.Release|Any CPU.ActiveCfg = Release|x64
		{F5416434-B44A-4085-9B59-AD85FA0E11E8}.Release|Any CPU.Build.0 = Release|x64
		{F5416434-B44A-4085-9B59-AD85FA0E11E8}.Release|Any CPU.Deploy.0 = Release|x64
		{F5416434-B44A-4085-9B59-AD85FA0E11E8}.Release|ARM.ActiveCfg = Release|ARM
		{F5416434-B44A-4085-9B59-AD85FA0E11E8}.Release|ARM.Build.0 = Release|ARM
		{F5416434-B44A-4085-9B59-AD85FA0E11E8}.Release|ARM.Deploy.0 = Release|ARM
		{F5416434-B44A-4085-9B59-AD85FA0E11E8}.Release|iPhone.ActiveCfg = Release|x64
		{F5416434-B44A-4085-9B59-AD85FA0E11E8}.Release|iPhone.Build.0 = Release|x64
		{F5416434-B44A-4085-9B59-AD85FA0E11E8}.Release|iPhone.Deploy.0 = Release|x64
		{F5416434-B44A-4085-9B59-AD85FA0E11E8}.Release|iPhoneSimulator.ActiveCfg = Release|x64
		{F5416434-B44A-4085-9B59-AD85FA0E11E8}.Release|iPhoneSimulator.Build.0 = Release|x64
		{F5416434-B44A-4085-9B59-AD85FA0E11E8}.Release|iPhoneSimulator.Deploy.0 = Release|x64
		{F5416434-B44A-4085-9B59-AD85FA0E11E8}.Release|x64.ActiveCfg = Release|x64
		{F5416434-B44A-4085-9B59-AD85FA0E11E8}.Release|x64.Build.0 = Release|x64
		{F5416434-B44A-4085-9B59-AD85FA0E11E8}.Release|x64.Deploy.0 = Release|x64
		{F5416434-B44A-4085-9B59-AD85FA0E11E8}.Release|x86.ActiveCfg = Release|x86
		{F5416434-B44A-4085-9B59-AD85FA0E11E8}.Release|x86.Build.0 = Release|x86
		{F5416434-B44A-4085-9B59-AD85FA0E11E8}.Release|x86.Deploy.0 = Release|x86
		{6975C70B-2020-4373-9143-D2BB8E06E931}.Debug|Any CPU.ActiveCfg = Debug|Any CPU
		{6975C70B-2020-4373-9143-D2BB8E06E931}.Debug|Any CPU.Build.0 = Debug|Any CPU
		{6975C70B-2020-4373-9143-D2BB8E06E931}.Debug|Any CPU.Deploy.0 = Debug|Any CPU
		{6975C70B-2020-4373-9143-D2BB8E06E931}.Debug|ARM.ActiveCfg = Debug|Any CPU
		{6975C70B-2020-4373-9143-D2BB8E06E931}.Debug|ARM.Build.0 = Debug|Any CPU
		{6975C70B-2020-4373-9143-D2BB8E06E931}.Debug|ARM.Deploy.0 = Debug|Any CPU
		{6975C70B-2020-4373-9143-D2BB8E06E931}.Debug|iPhone.ActiveCfg = Debug|Any CPU
		{6975C70B-2020-4373-9143-D2BB8E06E931}.Debug|iPhone.Build.0 = Debug|Any CPU
		{6975C70B-2020-4373-9143-D2BB8E06E931}.Debug|iPhone.Deploy.0 = Debug|Any CPU
		{6975C70B-2020-4373-9143-D2BB8E06E931}.Debug|iPhoneSimulator.ActiveCfg = Debug|Any CPU
		{6975C70B-2020-4373-9143-D2BB8E06E931}.Debug|iPhoneSimulator.Build.0 = Debug|Any CPU
		{6975C70B-2020-4373-9143-D2BB8E06E931}.Debug|iPhoneSimulator.Deploy.0 = Debug|Any CPU
		{6975C70B-2020-4373-9143-D2BB8E06E931}.Debug|x64.ActiveCfg = Debug|Any CPU
		{6975C70B-2020-4373-9143-D2BB8E06E931}.Debug|x64.Build.0 = Debug|Any CPU
		{6975C70B-2020-4373-9143-D2BB8E06E931}.Debug|x64.Deploy.0 = Debug|Any CPU
		{6975C70B-2020-4373-9143-D2BB8E06E931}.Debug|x86.ActiveCfg = Debug|Any CPU
		{6975C70B-2020-4373-9143-D2BB8E06E931}.Debug|x86.Build.0 = Debug|Any CPU
		{6975C70B-2020-4373-9143-D2BB8E06E931}.Debug|x86.Deploy.0 = Debug|Any CPU
		{6975C70B-2020-4373-9143-D2BB8E06E931}.Release|Any CPU.ActiveCfg = Release|Any CPU
		{6975C70B-2020-4373-9143-D2BB8E06E931}.Release|Any CPU.Build.0 = Release|Any CPU
		{6975C70B-2020-4373-9143-D2BB8E06E931}.Release|Any CPU.Deploy.0 = Release|Any CPU
		{6975C70B-2020-4373-9143-D2BB8E06E931}.Release|ARM.ActiveCfg = Release|Any CPU
		{6975C70B-2020-4373-9143-D2BB8E06E931}.Release|ARM.Build.0 = Release|Any CPU
		{6975C70B-2020-4373-9143-D2BB8E06E931}.Release|ARM.Deploy.0 = Release|Any CPU
		{6975C70B-2020-4373-9143-D2BB8E06E931}.Release|iPhone.ActiveCfg = Release|Any CPU
		{6975C70B-2020-4373-9143-D2BB8E06E931}.Release|iPhone.Build.0 = Release|Any CPU
		{6975C70B-2020-4373-9143-D2BB8E06E931}.Release|iPhone.Deploy.0 = Release|Any CPU
		{6975C70B-2020-4373-9143-D2BB8E06E931}.Release|iPhoneSimulator.ActiveCfg = Release|Any CPU
		{6975C70B-2020-4373-9143-D2BB8E06E931}.Release|iPhoneSimulator.Build.0 = Release|Any CPU
		{6975C70B-2020-4373-9143-D2BB8E06E931}.Release|iPhoneSimulator.Deploy.0 = Release|Any CPU
		{6975C70B-2020-4373-9143-D2BB8E06E931}.Release|x64.ActiveCfg = Release|Any CPU
		{6975C70B-2020-4373-9143-D2BB8E06E931}.Release|x64.Build.0 = Release|Any CPU
		{6975C70B-2020-4373-9143-D2BB8E06E931}.Release|x64.Deploy.0 = Release|Any CPU
		{6975C70B-2020-4373-9143-D2BB8E06E931}.Release|x86.ActiveCfg = Release|Any CPU
		{6975C70B-2020-4373-9143-D2BB8E06E931}.Release|x86.Build.0 = Release|Any CPU
		{6975C70B-2020-4373-9143-D2BB8E06E931}.Release|x86.Deploy.0 = Release|Any CPU
		{085F8103-0C88-40A3-8624-D7CCAA575E30}.Debug|Any CPU.ActiveCfg = Debug|iPhoneSimulator
		{085F8103-0C88-40A3-8624-D7CCAA575E30}.Debug|Any CPU.Build.0 = Debug|iPhoneSimulator
		{085F8103-0C88-40A3-8624-D7CCAA575E30}.Debug|Any CPU.Deploy.0 = Debug|iPhoneSimulator
		{085F8103-0C88-40A3-8624-D7CCAA575E30}.Debug|ARM.ActiveCfg = Debug|iPhoneSimulator
		{085F8103-0C88-40A3-8624-D7CCAA575E30}.Debug|ARM.Build.0 = Debug|iPhoneSimulator
		{085F8103-0C88-40A3-8624-D7CCAA575E30}.Debug|ARM.Deploy.0 = Debug|iPhoneSimulator
		{085F8103-0C88-40A3-8624-D7CCAA575E30}.Debug|iPhone.ActiveCfg = Debug|iPhone
		{085F8103-0C88-40A3-8624-D7CCAA575E30}.Debug|iPhone.Build.0 = Debug|iPhone
		{085F8103-0C88-40A3-8624-D7CCAA575E30}.Debug|iPhone.Deploy.0 = Debug|iPhone
		{085F8103-0C88-40A3-8624-D7CCAA575E30}.Debug|iPhoneSimulator.ActiveCfg = Debug|iPhoneSimulator
		{085F8103-0C88-40A3-8624-D7CCAA575E30}.Debug|iPhoneSimulator.Build.0 = Debug|iPhoneSimulator
		{085F8103-0C88-40A3-8624-D7CCAA575E30}.Debug|iPhoneSimulator.Deploy.0 = Debug|iPhoneSimulator
		{085F8103-0C88-40A3-8624-D7CCAA575E30}.Debug|x64.ActiveCfg = Debug|iPhone
		{085F8103-0C88-40A3-8624-D7CCAA575E30}.Debug|x64.Build.0 = Debug|iPhone
		{085F8103-0C88-40A3-8624-D7CCAA575E30}.Debug|x64.Deploy.0 = Debug|iPhone
		{085F8103-0C88-40A3-8624-D7CCAA575E30}.Debug|x86.ActiveCfg = Debug|iPhoneSimulator
		{085F8103-0C88-40A3-8624-D7CCAA575E30}.Debug|x86.Build.0 = Debug|iPhoneSimulator
		{085F8103-0C88-40A3-8624-D7CCAA575E30}.Debug|x86.Deploy.0 = Debug|iPhoneSimulator
		{085F8103-0C88-40A3-8624-D7CCAA575E30}.Release|Any CPU.ActiveCfg = Release|iPhoneSimulator
		{085F8103-0C88-40A3-8624-D7CCAA575E30}.Release|Any CPU.Build.0 = Release|iPhoneSimulator
		{085F8103-0C88-40A3-8624-D7CCAA575E30}.Release|Any CPU.Deploy.0 = Release|iPhoneSimulator
		{085F8103-0C88-40A3-8624-D7CCAA575E30}.Release|ARM.ActiveCfg = Release|iPhoneSimulator
		{085F8103-0C88-40A3-8624-D7CCAA575E30}.Release|ARM.Build.0 = Release|iPhoneSimulator
		{085F8103-0C88-40A3-8624-D7CCAA575E30}.Release|ARM.Deploy.0 = Release|iPhoneSimulator
		{085F8103-0C88-40A3-8624-D7CCAA575E30}.Release|iPhone.ActiveCfg = Release|iPhone
		{085F8103-0C88-40A3-8624-D7CCAA575E30}.Release|iPhone.Build.0 = Release|iPhone
		{085F8103-0C88-40A3-8624-D7CCAA575E30}.Release|iPhone.Deploy.0 = Release|iPhone
		{085F8103-0C88-40A3-8624-D7CCAA575E30}.Release|iPhoneSimulator.ActiveCfg = Release|iPhoneSimulator
		{085F8103-0C88-40A3-8624-D7CCAA575E30}.Release|iPhoneSimulator.Build.0 = Release|iPhoneSimulator
		{085F8103-0C88-40A3-8624-D7CCAA575E30}.Release|iPhoneSimulator.Deploy.0 = Release|iPhoneSimulator
		{085F8103-0C88-40A3-8624-D7CCAA575E30}.Release|x64.ActiveCfg = Release|iPhoneSimulator
		{085F8103-0C88-40A3-8624-D7CCAA575E30}.Release|x64.Build.0 = Release|iPhoneSimulator
		{085F8103-0C88-40A3-8624-D7CCAA575E30}.Release|x64.Deploy.0 = Release|iPhoneSimulator
		{085F8103-0C88-40A3-8624-D7CCAA575E30}.Release|x86.ActiveCfg = Release|iPhoneSimulator
		{085F8103-0C88-40A3-8624-D7CCAA575E30}.Release|x86.Build.0 = Release|iPhoneSimulator
		{085F8103-0C88-40A3-8624-D7CCAA575E30}.Release|x86.Deploy.0 = Release|iPhoneSimulator
		{830EC27E-DED1-4EAF-93C8-FD5C0F72B78C}.Debug|Any CPU.ActiveCfg = Debug|Any CPU
		{830EC27E-DED1-4EAF-93C8-FD5C0F72B78C}.Debug|Any CPU.Build.0 = Debug|Any CPU
		{830EC27E-DED1-4EAF-93C8-FD5C0F72B78C}.Debug|Any CPU.Deploy.0 = Debug|Any CPU
		{830EC27E-DED1-4EAF-93C8-FD5C0F72B78C}.Debug|ARM.ActiveCfg = Debug|Any CPU
		{830EC27E-DED1-4EAF-93C8-FD5C0F72B78C}.Debug|ARM.Build.0 = Debug|Any CPU
		{830EC27E-DED1-4EAF-93C8-FD5C0F72B78C}.Debug|ARM.Deploy.0 = Debug|Any CPU
		{830EC27E-DED1-4EAF-93C8-FD5C0F72B78C}.Debug|iPhone.ActiveCfg = Debug|Any CPU
		{830EC27E-DED1-4EAF-93C8-FD5C0F72B78C}.Debug|iPhone.Build.0 = Debug|Any CPU
		{830EC27E-DED1-4EAF-93C8-FD5C0F72B78C}.Debug|iPhone.Deploy.0 = Debug|Any CPU
		{830EC27E-DED1-4EAF-93C8-FD5C0F72B78C}.Debug|iPhoneSimulator.ActiveCfg = Debug|Any CPU
		{830EC27E-DED1-4EAF-93C8-FD5C0F72B78C}.Debug|iPhoneSimulator.Build.0 = Debug|Any CPU
		{830EC27E-DED1-4EAF-93C8-FD5C0F72B78C}.Debug|iPhoneSimulator.Deploy.0 = Debug|Any CPU
		{830EC27E-DED1-4EAF-93C8-FD5C0F72B78C}.Debug|x64.ActiveCfg = Debug|Any CPU
		{830EC27E-DED1-4EAF-93C8-FD5C0F72B78C}.Debug|x64.Build.0 = Debug|Any CPU
		{830EC27E-DED1-4EAF-93C8-FD5C0F72B78C}.Debug|x64.Deploy.0 = Debug|Any CPU
		{830EC27E-DED1-4EAF-93C8-FD5C0F72B78C}.Debug|x86.ActiveCfg = Debug|Any CPU
		{830EC27E-DED1-4EAF-93C8-FD5C0F72B78C}.Debug|x86.Build.0 = Debug|Any CPU
		{830EC27E-DED1-4EAF-93C8-FD5C0F72B78C}.Debug|x86.Deploy.0 = Debug|Any CPU
		{830EC27E-DED1-4EAF-93C8-FD5C0F72B78C}.Release|Any CPU.ActiveCfg = Release|Any CPU
		{830EC27E-DED1-4EAF-93C8-FD5C0F72B78C}.Release|Any CPU.Build.0 = Release|Any CPU
		{830EC27E-DED1-4EAF-93C8-FD5C0F72B78C}.Release|Any CPU.Deploy.0 = Release|Any CPU
		{830EC27E-DED1-4EAF-93C8-FD5C0F72B78C}.Release|ARM.ActiveCfg = Release|Any CPU
		{830EC27E-DED1-4EAF-93C8-FD5C0F72B78C}.Release|ARM.Build.0 = Release|Any CPU
		{830EC27E-DED1-4EAF-93C8-FD5C0F72B78C}.Release|ARM.Deploy.0 = Release|Any CPU
		{830EC27E-DED1-4EAF-93C8-FD5C0F72B78C}.Release|iPhone.ActiveCfg = Release|Any CPU
		{830EC27E-DED1-4EAF-93C8-FD5C0F72B78C}.Release|iPhone.Build.0 = Release|Any CPU
		{830EC27E-DED1-4EAF-93C8-FD5C0F72B78C}.Release|iPhone.Deploy.0 = Release|Any CPU
		{830EC27E-DED1-4EAF-93C8-FD5C0F72B78C}.Release|iPhoneSimulator.ActiveCfg = Release|Any CPU
		{830EC27E-DED1-4EAF-93C8-FD5C0F72B78C}.Release|iPhoneSimulator.Build.0 = Release|Any CPU
		{830EC27E-DED1-4EAF-93C8-FD5C0F72B78C}.Release|iPhoneSimulator.Deploy.0 = Release|Any CPU
		{830EC27E-DED1-4EAF-93C8-FD5C0F72B78C}.Release|x64.ActiveCfg = Release|Any CPU
		{830EC27E-DED1-4EAF-93C8-FD5C0F72B78C}.Release|x64.Build.0 = Release|Any CPU
		{830EC27E-DED1-4EAF-93C8-FD5C0F72B78C}.Release|x64.Deploy.0 = Release|Any CPU
		{830EC27E-DED1-4EAF-93C8-FD5C0F72B78C}.Release|x86.ActiveCfg = Release|Any CPU
		{830EC27E-DED1-4EAF-93C8-FD5C0F72B78C}.Release|x86.Build.0 = Release|Any CPU
		{830EC27E-DED1-4EAF-93C8-FD5C0F72B78C}.Release|x86.Deploy.0 = Release|Any CPU
	EndGlobalSection
	GlobalSection(SolutionProperties) = preSolution
		HideSolutionNode = FALSE
	EndGlobalSection
	GlobalSection(ExtensibilityGlobals) = postSolution
		SolutionGuid = {B590717B-F91F-493B-BA0E-7104CDA3A270}
	EndGlobalSection
EndGlobal
